// !$*UTF8*$!
{
	archiveVersion = 1;
	classes = {
	};
	objectVersion = 48;
	objects = {

/* Begin PBXBuildFile section */
		0F6DEF1AE79388956A47E8EB /* Pods_MyWeatherApp.framework in Frameworks */ = {isa = PBXBuildFile; fileRef = FA4B153FF8648D876871B93E /* Pods_MyWeatherApp.framework */; };
		8E6532A62072BF1300FA1165 /* AppDelegate.swift in Sources */ = {isa = PBXBuildFile; fileRef = 8E6532A52072BF1300FA1165 /* AppDelegate.swift */; };
		8E6532AB2072BF1300FA1165 /* Main.storyboard in Resources */ = {isa = PBXBuildFile; fileRef = 8E6532A92072BF1300FA1165 /* Main.storyboard */; };
		8E6532AD2072BF1300FA1165 /* Assets.xcassets in Resources */ = {isa = PBXBuildFile; fileRef = 8E6532AC2072BF1300FA1165 /* Assets.xcassets */; };
		8E6532B02072BF1300FA1165 /* LaunchScreen.storyboard in Resources */ = {isa = PBXBuildFile; fileRef = 8E6532AE2072BF1300FA1165 /* LaunchScreen.storyboard */; };
		8E6532BD2072CB8700FA1165 /* WeatherViewController.swift in Sources */ = {isa = PBXBuildFile; fileRef = 8E6532BC2072CB8700FA1165 /* WeatherViewController.swift */; };
		8E6532BF2072CC0B00FA1165 /* WeatherDataModel.swift in Sources */ = {isa = PBXBuildFile; fileRef = 8E6532BE2072CC0B00FA1165 /* WeatherDataModel.swift */; };
/* End PBXBuildFile section */

/* Begin PBXFileReference section */
		35A75D6B50397BA8C556D892 /* Pods-MyWeatherApp.debug.xcconfig */ = {isa = PBXFileReference; includeInIndex = 1; lastKnownFileType = text.xcconfig; name = "Pods-MyWeatherApp.debug.xcconfig"; path = "Pods/Target Support Files/Pods-MyWeatherApp/Pods-MyWeatherApp.debug.xcconfig"; sourceTree = "<group>"; };
		8E6532A22072BF1300FA1165 /* MyWeatherApp.app */ = {isa = PBXFileReference; explicitFileType = wrapper.application; includeInIndex = 0; path = MyWeatherApp.app; sourceTree = BUILT_PRODUCTS_DIR; };
		8E6532A52072BF1300FA1165 /* AppDelegate.swift */ = {isa = PBXFileReference; lastKnownFileType = sourcecode.swift; path = AppDelegate.swift; sourceTree = "<group>"; };
		8E6532AA2072BF1300FA1165 /* Base */ = {isa = PBXFileReference; lastKnownFileType = file.storyboard; name = Base; path = Base.lproj/Main.storyboard; sourceTree = "<group>"; };
		8E6532AC2072BF1300FA1165 /* Assets.xcassets */ = {isa = PBXFileReference; lastKnownFileType = folder.assetcatalog; path = Assets.xcassets; sourceTree = "<group>"; };
		8E6532AF2072BF1300FA1165 /* Base */ = {isa = PBXFileReference; lastKnownFileType = file.storyboard; name = Base; path = Base.lproj/LaunchScreen.storyboard; sourceTree = "<group>"; };
		8E6532B12072BF1300FA1165 /* Info.plist */ = {isa = PBXFileReference; lastKnownFileType = text.plist.xml; path = Info.plist; sourceTree = "<group>"; };
		8E6532BC2072CB8700FA1165 /* WeatherViewController.swift */ = {isa = PBXFileReference; lastKnownFileType = sourcecode.swift; path = WeatherViewController.swift; sourceTree = "<group>"; };
		8E6532BE2072CC0B00FA1165 /* WeatherDataModel.swift */ = {isa = PBXFileReference; lastKnownFileType = sourcecode.swift; path = WeatherDataModel.swift; sourceTree = "<group>"; };
		91CDDD43B54506DFB7505086 /* Pods-MyWeatherApp.release.xcconfig */ = {isa = PBXFileReference; includeInIndex = 1; lastKnownFileType = text.xcconfig; name = "Pods-MyWeatherApp.release.xcconfig"; path = "Pods/Target Support Files/Pods-MyWeatherApp/Pods-MyWeatherApp.release.xcconfig"; sourceTree = "<group>"; };
		FA4B153FF8648D876871B93E /* Pods_MyWeatherApp.framework */ = {isa = PBXFileReference; explicitFileType = wrapper.framework; includeInIndex = 0; path = Pods_MyWeatherApp.framework; sourceTree = BUILT_PRODUCTS_DIR; };
/* End PBXFileReference section */

/* Begin PBXFrameworksBuildPhase section */
		8E65329F2072BF1300FA1165 /* Frameworks */ = {
			isa = PBXFrameworksBuildPhase;
			buildActionMask = 2147483647;
			files = (
				0F6DEF1AE79388956A47E8EB /* Pods_MyWeatherApp.framework in Frameworks */,
			);
			runOnlyForDeploymentPostprocessing = 0;
		};
/* End PBXFrameworksBuildPhase section */

/* Begin PBXGroup section */
		1D768AB18EE6B8429586FE4E /* Pods */ = {
			isa = PBXGroup;
			children = (
				35A75D6B50397BA8C556D892 /* Pods-MyWeatherApp.debug.xcconfig */,
				91CDDD43B54506DFB7505086 /* Pods-MyWeatherApp.release.xcconfig */,
			);
			name = Pods;
			sourceTree = "<group>";
		};
		7BEDB338E6E7BD70FCEBBF1F /* Frameworks */ = {
			isa = PBXGroup;
			children = (
				FA4B153FF8648D876871B93E /* Pods_MyWeatherApp.framework */,
			);
			name = Frameworks;
			sourceTree = "<group>";
		};
		8E6532992072BF1300FA1165 = {
			isa = PBXGroup;
			children = (
				8E6532A42072BF1300FA1165 /* MyWeatherApp */,
				8E6532A32072BF1300FA1165 /* Products */,
				1D768AB18EE6B8429586FE4E /* Pods */,
				7BEDB338E6E7BD70FCEBBF1F /* Frameworks */,
			);
			sourceTree = "<group>";
		};
		8E6532A32072BF1300FA1165 /* Products */ = {
			isa = PBXGroup;
			children = (
				8E6532A22072BF1300FA1165 /* MyWeatherApp.app */,
			);
			name = Products;
			sourceTree = "<group>";
		};
		8E6532A42072BF1300FA1165 /* MyWeatherApp */ = {
			isa = PBXGroup;
			children = (
				8E6532BB2072CADE00FA1165 /* Model */,
				8E6532BA2072CAD400FA1165 /* View */,
				8E6532B92072CACA00FA1165 /* Controller */,
				8E6532A52072BF1300FA1165 /* AppDelegate.swift */,
				8E6532B12072BF1300FA1165 /* Info.plist */,
			);
			path = MyWeatherApp;
			sourceTree = "<group>";
		};
		8E6532B92072CACA00FA1165 /* Controller */ = {
			isa = PBXGroup;
			children = (
				8E6532BC2072CB8700FA1165 /* WeatherViewController.swift */,
			);
			path = Controller;
			sourceTree = "<group>";
		};
		8E6532BA2072CAD400FA1165 /* View */ = {
			isa = PBXGroup;
			children = (
				8E6532A92072BF1300FA1165 /* Main.storyboard */,
				8E6532AC2072BF1300FA1165 /* Assets.xcassets */,
				8E6532AE2072BF1300FA1165 /* LaunchScreen.storyboard */,
			);
			path = View;
			sourceTree = "<group>";
		};
		8E6532BB2072CADE00FA1165 /* Model */ = {
			isa = PBXGroup;
			children = (
				8E6532BE2072CC0B00FA1165 /* WeatherDataModel.swift */,
			);
			path = Model;
			sourceTree = "<group>";
		};
/* End PBXGroup section */

/* Begin PBXNativeTarget section */
		8E6532A12072BF1300FA1165 /* MyWeatherApp */ = {
			isa = PBXNativeTarget;
			buildConfigurationList = 8E6532B42072BF1300FA1165 /* Build configuration list for PBXNativeTarget "MyWeatherApp" */;
			buildPhases = (
				76481699227E3FEF80415C60 /* [CP] Check Pods Manifest.lock */,
				8E65329E2072BF1300FA1165 /* Sources */,
				8E65329F2072BF1300FA1165 /* Frameworks */,
				8E6532A02072BF1300FA1165 /* Resources */,
				7D012014475A9FAD4C36E588 /* [CP] Embed Pods Frameworks */,
				6882E07A2C39A3CC4AF1572B /* [CP] Copy Pods Resources */,
			);
			buildRules = (
			);
			dependencies = (
			);
			name = MyWeatherApp;
			productName = MyWeatherApp;
			productReference = 8E6532A22072BF1300FA1165 /* MyWeatherApp.app */;
			productType = "com.apple.product-type.application";
		};
/* End PBXNativeTarget section */

/* Begin PBXProject section */
		8E65329A2072BF1300FA1165 /* Project object */ = {
			isa = PBXProject;
			attributes = {
				LastSwiftUpdateCheck = 0920;
				LastUpgradeCheck = 0920;
				ORGANIZATIONNAME = WanliMa;
				TargetAttributes = {
					8E6532A12072BF1300FA1165 = {
						CreatedOnToolsVersion = 9.2;
						ProvisioningStyle = Automatic;
					};
				};
			};
			buildConfigurationList = 8E65329D2072BF1300FA1165 /* Build configuration list for PBXProject "MyWeatherApp" */;
			compatibilityVersion = "Xcode 8.0";
			developmentRegion = en;
			hasScannedForEncodings = 0;
			knownRegions = (
				en,
				Base,
			);
			mainGroup = 8E6532992072BF1300FA1165;
			productRefGroup = 8E6532A32072BF1300FA1165 /* Products */;
			projectDirPath = "";
			projectRoot = "";
			targets = (
				8E6532A12072BF1300FA1165 /* MyWeatherApp */,
			);
		};
/* End PBXProject section */

/* Begin PBXResourcesBuildPhase section */
		8E6532A02072BF1300FA1165 /* Resources */ = {
			isa = PBXResourcesBuildPhase;
			buildActionMask = 2147483647;
			files = (
				8E6532B02072BF1300FA1165 /* LaunchScreen.storyboard in Resources */,
				8E6532AD2072BF1300FA1165 /* Assets.xcassets in Resources */,
				8E6532AB2072BF1300FA1165 /* Main.storyboard in Resources */,
			);
			runOnlyForDeploymentPostprocessing = 0;
		};
/* End PBXResourcesBuildPhase section */

/* Begin PBXShellScriptBuildPhase section */
		6882E07A2C39A3CC4AF1572B /* [CP] Copy Pods Resources */ = {
			isa = PBXShellScriptBuildPhase;
			buildActionMask = 2147483647;
			files = (
			);
			inputPaths = (
			);
			name = "[CP] Copy Pods Resources";
			outputPaths = (
			);
			runOnlyForDeploymentPostprocessing = 0;
			shellPath = /bin/sh;
			shellScript = "\"${SRCROOT}/Pods/Target Support Files/Pods-MyWeatherApp/Pods-MyWeatherApp-resources.sh\"\n";
			showEnvVarsInLog = 0;
		};
		76481699227E3FEF80415C60 /* [CP] Check Pods Manifest.lock */ = {
			isa = PBXShellScriptBuildPhase;
			buildActionMask = 2147483647;
			files = (
			);
			inputPaths = (
				"${PODS_PODFILE_DIR_PATH}/Podfile.lock",
				"${PODS_ROOT}/Manifest.lock",
			);
			name = "[CP] Check Pods Manifest.lock";
			outputPaths = (
				"$(DERIVED_FILE_DIR)/Pods-MyWeatherApp-checkManifestLockResult.txt",
			);
			runOnlyForDeploymentPostprocessing = 0;
			shellPath = /bin/sh;
			shellScript = "diff \"${PODS_PODFILE_DIR_PATH}/Podfile.lock\" \"${PODS_ROOT}/Manifest.lock\" > /dev/null\nif [ $? != 0 ] ; then\n    # print error to STDERR\n    echo \"error: The sandbox is not in sync with the Podfile.lock. Run 'pod install' or update your CocoaPods installation.\" >&2\n    exit 1\nfi\n# This output is used by Xcode 'outputs' to avoid re-running this script phase.\necho \"SUCCESS\" > \"${SCRIPT_OUTPUT_FILE_0}\"\n";
			showEnvVarsInLog = 0;
		};
		7D012014475A9FAD4C36E588 /* [CP] Embed Pods Frameworks */ = {
			isa = PBXShellScriptBuildPhase;
			buildActionMask = 2147483647;
			files = (
			);
			inputPaths = (
				"${SRCROOT}/Pods/Target Support Files/Pods-MyWeatherApp/Pods-MyWeatherApp-frameworks.sh",
				"${BUILT_PRODUCTS_DIR}/Alamofire/Alamofire.framework",
				"${BUILT_PRODUCTS_DIR}/SwiftyJSON/SwiftyJSON.framework",
			);
			name = "[CP] Embed Pods Frameworks";
			outputPaths = (
				"${TARGET_BUILD_DIR}/${FRAMEWORKS_FOLDER_PATH}/Alamofire.framework",
				"${TARGET_BUILD_DIR}/${FRAMEWORKS_FOLDER_PATH}/SwiftyJSON.framework",
			);
			runOnlyForDeploymentPostprocessing = 0;
			shellPath = /bin/sh;
			shellScript = "\"${SRCROOT}/Pods/Target Support Files/Pods-MyWeatherApp/Pods-MyWeatherApp-frameworks.sh\"\n";
			showEnvVarsInLog = 0;
		};
/* End PBXShellScriptBuildPhase section */

/* Begin PBXSourcesBuildPhase section */
		8E65329E2072BF1300FA1165 /* Sources */ = {
			isa = PBXSourcesBuildPhase;
			buildActionMask = 2147483647;
			files = (
				8E6532BD2072CB8700FA1165 /* WeatherViewController.swift in Sources */,
				8E6532A62072BF1300FA1165 /* AppDelegate.swift in Sources */,
				8E6532BF2072CC0B00FA1165 /* WeatherDataModel.swift in Sources */,
			);
			runOnlyForDeploymentPostprocessing = 0;
		};
/* End PBXSourcesBuildPhase section */

/* Begin PBXVariantGroup section */
		8E6532A92072BF1300FA1165 /* Main.storyboard */ = {
			isa = PBXVariantGroup;
			children = (
				8E6532AA2072BF1300FA1165 /* Base */,
			);
			name = Main.storyboard;
			sourceTree = "<group>";
		};
		8E6532AE2072BF1300FA1165 /* LaunchScreen.storyboard */ = {
			isa = PBXVariantGroup;
			children = (
				8E6532AF2072BF1300FA1165 /* Base */,
			);
			name = LaunchScreen.storyboard;
			sourceTree = "<group>";
		};
/* End PBXVariantGroup section */

/* Begin XCBuildConfiguration section */
		8E6532B22072BF1300FA1165 /* Debug */ = {
			isa = XCBuildConfiguration;
			buildSettings = {
				ALWAYS_SEARCH_USER_PATHS = NO;
				CLANG_ANALYZER_NONNULL = YES;
				CLANG_ANALYZER_NUMBER_OBJECT_CONVERSION = YES_AGGRESSIVE;
				CLANG_CXX_LANGUAGE_STANDARD = "gnu++14";
				CLANG_CXX_LIBRARY = "libc++";
				CLANG_ENABLE_MODULES = YES;
				CLANG_ENABLE_OBJC_ARC = YES;
				CLANG_WARN_BLOCK_CAPTURE_AUTORELEASING = YES;
				CLANG_WARN_BOOL_CONVERSION = YES;
				CLANG_WARN_COMMA = YES;
				CLANG_WARN_CONSTANT_CONVERSION = YES;
				CLANG_WARN_DIRECT_OBJC_ISA_USAGE = YES_ERROR;
				CLANG_WARN_DOCUMENTATION_COMMENTS = YES;
				CLANG_WARN_EMPTY_BODY = YES;
				CLANG_WARN_ENUM_CONVERSION = YES;
				CLANG_WARN_INFINITE_RECURSION = YES;
				CLANG_WARN_INT_CONVERSION = YES;
				CLANG_WARN_NON_LITERAL_NULL_CONVERSION = YES;
				CLANG_WARN_OBJC_LITERAL_CONVERSION = YES;
				CLANG_WARN_OBJC_ROOT_CLASS = YES_ERROR;
				CLANG_WARN_RANGE_LOOP_ANALYSIS = YES;
				CLANG_WARN_STRICT_PROTOTYPES = YES;
				CLANG_WARN_SUSPICIOUS_MOVE = YES;
				CLANG_WARN_UNGUARDED_AVAILABILITY = YES_AGGRESSIVE;
				CLANG_WARN_UNREACHABLE_CODE = YES;
				CLANG_WARN__DUPLICATE_METHOD_MATCH = YES;
				CODE_SIGN_IDENTITY = "iPhone Developer";
				COPY_PHASE_STRIP = NO;
				DEBUG_INFORMATION_FORMAT = dwarf;
				ENABLE_STRICT_OBJC_MSGSEND = YES;
				ENABLE_TESTABILITY = YES;
				GCC_C_LANGUAGE_STANDARD = gnu11;
				GCC_DYNAMIC_NO_PIC = NO;
				GCC_NO_COMMON_BLOCKS = YES;
				GCC_OPTIMIZATION_LEVEL = 0;
				GCC_PREPROCESSOR_DEFINITIONS = (
					"DEBUG=1",
					"$(inherited)",
				);
				GCC_WARN_64_TO_32_BIT_CONVERSION = YES;
				GCC_WARN_ABOUT_RETURN_TYPE = YES_ERROR;
				GCC_WARN_UNDECLARED_SELECTOR = YES;
				GCC_WARN_UNINITIALIZED_AUTOS = YES_AGGRESSIVE;
				GCC_WARN_UNUSED_FUNCTION = YES;
				GCC_WARN_UNUSED_VARIABLE = YES;
				IPHONEOS_DEPLOYMENT_TARGET = 11.2;
				MTL_ENABLE_DEBUG_INFO = YES;
				ONLY_ACTIVE_ARCH = YES;
				SDKROOT = iphoneos;
				SWIFT_ACTIVE_COMPILATION_CONDITIONS = DEBUG;
				SWIFT_OPTIMIZATION_LEVEL = "-Onone";
			};
			name = Debug;
		};
		8E6532B32072BF1300FA1165 /* Release */ = {
			isa = XCBuildConfiguration;
			buildSettings = {
				ALWAYS_SEARCH_USER_PATHS = NO;
				CLANG_ANALYZER_NONNULL = YES;
				CLANG_ANALYZER_NUMBER_OBJECT_CONVERSION = YES_AGGRESSIVE;
				CLANG_CXX_LANGUAGE_STANDARD = "gnu++14";
				CLANG_CXX_LIBRARY = "libc++";
				CLANG_ENABLE_MODULES = YES;
				CLANG_ENABLE_OBJC_ARC = YES;
				CLANG_WARN_BLOCK_CAPTURE_AUTORELEASING = YES;
				CLANG_WARN_BOOL_CONVERSION = YES;
				CLANG_WARN_COMMA = YES;
				CLANG_WARN_CONSTANT_CONVERSION = YES;
				CLANG_WARN_DIRECT_OBJC_ISA_USAGE = YES_ERROR;
				CLANG_WARN_DOCUMENTATION_COMMENTS = YES;
				CLANG_WARN_EMPTY_BODY = YES;
				CLANG_WARN_ENUM_CONVERSION = YES;
				CLANG_WARN_INFINITE_RECURSION = YES;
				CLANG_WARN_INT_CONVERSION = YES;
				CLANG_WARN_NON_LITERAL_NULL_CONVERSION = YES;
				CLANG_WARN_OBJC_LITERAL_CONVERSION = YES;
				CLANG_WARN_OBJC_ROOT_CLASS = YES_ERROR;
				CLANG_WARN_RANGE_LOOP_ANALYSIS = YES;
				CLANG_WARN_STRICT_PROTOTYPES = YES;
				CLANG_WARN_SUSPICIOUS_MOVE = YES;
				CLANG_WARN_UNGUARDED_AVAILABILITY = YES_AGGRESSIVE;
				CLANG_WARN_UNREACHABLE_CODE = YES;
				CLANG_WARN__DUPLICATE_METHOD_MATCH = YES;
				CODE_SIGN_IDENTITY = "iPhone Developer";
				COPY_PHASE_STRIP = NO;
				DEBUG_INFORMATION_FORMAT = "dwarf-with-dsym";
				ENABLE_NS_ASSERTIONS = NO;
				ENABLE_STRICT_OBJC_MSGSEND = YES;
				GCC_C_LANGUAGE_STANDARD = gnu11;
				GCC_NO_COMMON_BLOCKS = YES;
				GCC_WARN_64_TO_32_BIT_CONVERSION = YES;
				GCC_WARN_ABOUT_RETURN_TYPE = YES_ERROR;
				GCC_WARN_UNDECLARED_SELECTOR = YES;
				GCC_WARN_UNINITIALIZED_AUTOS = YES_AGGRESSIVE;
				GCC_WARN_UNUSED_FUNCTION = YES;
				GCC_WARN_UNUSED_VARIABLE = YES;
				IPHONEOS_DEPLOYMENT_TARGET = 11.2;
				MTL_ENABLE_DEBUG_INFO = NO;
				SDKROOT = iphoneos;
				SWIFT_OPTIMIZATION_LEVEL = "-Owholemodule";
				VALIDATE_PRODUCT = YES;
			};
			name = Release;
		};
		8E6532B52072BF1300FA1165 /* Debug */ = {
			isa = XCBuildConfiguration;
			baseConfigurationReference = 35A75D6B50397BA8C556D892 /* Pods-MyWeatherApp.debug.xcconfig */;
			buildSettings = {
				ASSETCATALOG_COMPILER_APPICON_NAME = AppIcon;
				CODE_SIGN_STYLE = Automatic;
				INFOPLIST_FILE = MyWeatherApp/Info.plist;
				LD_RUNPATH_SEARCH_PATHS = "$(inherited) @executable_path/Frameworks";
				PRODUCT_BUNDLE_IDENTIFIER = us.wanlima.MyWeatherApp;
				PRODUCT_NAME = "$(TARGET_NAME)";
				SWIFT_VERSION = 4.0;
				TARGETED_DEVICE_FAMILY = "1,2";
			};
			name = Debug;
		};
		8E6532B62072BF1300FA1165 /* Release */ = {
			isa = XCBuildConfiguration;
			baseConfigurationReference = 91CDDD43B54506DFB7505086 /* Pods-MyWeatherApp.release.xcconfig */;
			buildSettings = {
				ASSETCATALOG_COMPILER_APPICON_NAME = AppIcon;
				CODE_SIGN_STYLE = Automatic;
				INFOPLIST_FILE = MyWeatherApp/Info.plist;
				LD_RUNPATH_SEARCH_PATHS = "$(inherited) @executable_path/Frameworks";
				PRODUCT_BUNDLE_IDENTIFIER = us.wanlima.MyWeatherApp;
				PRODUCT_NAME = "$(TARGET_NAME)";
				SWIFT_VERSION = 4.0;
				TARGETED_DEVICE_FAMILY = "1,2";
			};
			name = Release;
		};
/* End XCBuildConfiguration section */

/* Begin XCConfigurationList section */
		8E65329D2072BF1300FA1165 /* Build configuration list for PBXProject "MyWeatherApp" */ = {
			isa = XCConfigurationList;
			buildConfigurations = (
				8E6532B22072BF1300FA1165 /* Debug */,
				8E6532B32072BF1300FA1165 /* Release */,
			);
			defaultConfigurationIsVisible = 0;
			defaultConfigurationName = Release;
		};
		8E6532B42072BF1300FA1165 /* Build configuration list for PBXNativeTarget "MyWeatherApp" */ = {
			isa = XCConfigurationList;
			buildConfigurations = (
				8E6532B52072BF1300FA1165 /* Debug */,
				8E6532B62072BF1300FA1165 /* Release */,
			);
			defaultConfigurationIsVisible = 0;
			defaultConfigurationName = Release;
		};
/* End XCConfigurationList section */
	};
	rootObject = 8E65329A2072BF1300FA1165 /* Project object */;
}
